
Microsoft Visual Studio Solution File, Format Version 12.00
# Visual Studio Version 17
VisualStudioVersion = 17.6.33723.286
MinimumVisualStudioVersion = 10.0.40219.1
Project("{9A19103F-16F7-4668-BE54-9A1E7A4F7556}") = "CSharp-Login-Reg-Simple", "CSharp-Login-Reg-Simple.csproj", "{32EBF485-8DCB-4E03-8C13-AA089AA3F6F8}"
EndProject
Global
	GlobalSection(SolutionConfigurationPlatforms) = preSolution
		Debug|Any CPU = Debug|Any CPU
		Release|Any CPU = Release|Any CPU
	EndGlobalSection
	GlobalSection(ProjectConfigurationPlatforms) = postSolution
		{32EBF485-8DCB-4E03-8C13-AA089AA3F6F8}.Debug|Any CPU.ActiveCfg = Debug|Any CPU
		{32EBF485-8DCB-4E03-8C13-AA089AA3F6F8}.Debug|Any CPU.Build.0 = Debug|Any CPU
		{32EBF485-8DCB-4E03-8C13-AA089AA3F6F8}.Release|Any CPU.ActiveCfg = Release|Any CPU
		{32EBF485-8DCB-4E03-8C13-AA089AA3F6F8}.Release|Any CPU.Build.0 = Release|Any CPU
	EndGlobalSection
	GlobalSection(SolutionProperties) = preSolution
		HideSolutionNode = FALSE
	EndGlobalSection
	GlobalSection(ExtensibilityGlobals) = postSolution
		SolutionGuid = {3BF191C5-CD30-40A7-950D-9E0A47830D3C}
	EndGlobalSection
EndGlobal
